
Microsoft Visual Studio Solution File, Format Version 11.00
# Visual Studio 2010
Project("{FAE04EC0-301F-11D3-BF4B-00C04F79EFBC}") = "Assembly-CSharp", "Assembly-CSharp.csproj", "{b1b40dcc-6282-fc98-1cea-efe313464b22}"
EndProject
Project("{FAE04EC0-301F-11D3-BF4B-00C04F79EFBC}") = "Assembly-CSharp-Editor", "Assembly-CSharp-Editor.csproj", "{4ca8251f-5c62-2e32-06a6-b971d26e9585}"
EndProject
Project("{FAE04EC0-301F-11D3-BF4B-00C04F79EFBC}") = "Assembly-CSharp-firstpass", "Assembly-CSharp-firstpass.csproj", "{3916be78-5c08-bda5-8f0a-d555ba97e5ab}"
EndProject
Global
	GlobalSection(SolutionConfigurationPlatforms) = preSolution
		Debug|Any CPU = Debug|Any CPU
	EndGlobalSection
	GlobalSection(ProjectConfigurationPlatforms) = postSolution
		{b1b40dcc-6282-fc98-1cea-efe313464b22}.Debug|Any CPU.ActiveCfg = Debug|Any CPU
		{b1b40dcc-6282-fc98-1cea-efe313464b22}.Debug|Any CPU.Build.0 = Debug|Any CPU
		{4ca8251f-5c62-2e32-06a6-b971d26e9585}.Debug|Any CPU.ActiveCfg = Debug|Any CPU
		{4ca8251f-5c62-2e32-06a6-b971d26e9585}.Debug|Any CPU.Build.0 = Debug|Any CPU
		{3916be78-5c08-bda5-8f0a-d555ba97e5ab}.Debug|Any CPU.ActiveCfg = Debug|Any CPU
		{3916be78-5c08-bda5-8f0a-d555ba97e5ab}.Debug|Any CPU.Build.0 = Debug|Any CPU
	EndGlobalSection
	GlobalSection(SolutionProperties) = preSolution
		HideSolutionNode = FALSE
	EndGlobalSection
EndGlobal
